
Microsoft Visual Studio Solution File, Format Version 12.00
# Visual Studio Version 16
VisualStudioVersion = 16.0.30503.244
MinimumVisualStudioVersion = 10.0.40219.1
Project("{8BC9CEB8-8B4A-11D0-8D11-00A0C91BC942}") = "OOP_laba3", "OOP_laba3\OOP_laba3.vcxproj", "{63E0C688-F27D-4140-91FB-FF0915B3EEBF}"
EndProject
Global
	GlobalSection(SolutionConfigurationPlatforms) = preSolution
		Debug|x64 = Debug|x64
		Debug|x86 = Debug|x86
		Release|x64 = Release|x64
		Release|x86 = Release|x86
	EndGlobalSection
	GlobalSection(ProjectConfigurationPlatforms) = postSolution
		{63E0C688-F27D-4140-91FB-FF0915B3EEBF}.Debug|x64.ActiveCfg = Debug|x64
		{63E0C688-F27D-4140-91FB-FF0915B3EEBF}.Debug|x64.Build.0 = Debug|x64
		{63E0C688-F27D-4140-91FB-FF0915B3EEBF}.Debug|x86.ActiveCfg = Debug|Win32
		{63E0C688-F27D-4140-91FB-FF0915B3EEBF}.Debug|x86.Build.0 = Debug|Win32
		{63E0C688-F27D-4140-91FB-FF0915B3EEBF}.Release|x64.ActiveCfg = Release|x64
		{63E0C688-F27D-4140-91FB-FF0915B3EEBF}.Release|x64.Build.0 = Release|x64
		{63E0C688-F27D-4140-91FB-FF0915B3EEBF}.Release|x86.ActiveCfg = Release|Win32
		{63E0C688-F27D-4140-91FB-FF0915B3EEBF}.Release|x86.Build.0 = Release|Win32
	EndGlobalSection
	GlobalSection(SolutionProperties) = preSolution
		HideSolutionNode = FALSE
	EndGlobalSection
	GlobalSection(ExtensibilityGlobals) = postSolution
		SolutionGuid = {CB50FAE1-FCFD-4439-932C-B8EC6C17A14C}
	EndGlobalSection
EndGlobal
